
Microsoft Visual Studio Solution File, Format Version 12.00
# Visual Studio Version 17
VisualStudioVersion = 17.9.34622.214
MinimumVisualStudioVersion = 10.0.40219.1
Project("{FAE04EC0-301F-11D3-BF4B-00C04F79EFBC}") = "React-Typescript-project.Server", "React-Typescript-project.Server\React-Typescript-project.Server.csproj", "{262161D3-B5AE-495A-9DE8-B6343D332F8A}"
EndProject
Project("{54A90642-561A-4BB1-A94E-469ADEE60C69}") = "react-typescript-project.client", "react-typescript-project.client\react-typescript-project.client.esproj", "{CAD761A1-D2D8-4A72-91D5-709ED41821E1}"
EndProject
Global
	GlobalSection(SolutionConfigurationPlatforms) = preSolution
		Debug|Any CPU = Debug|Any CPU
		Release|Any CPU = Release|Any CPU
	EndGlobalSection
	GlobalSection(ProjectConfigurationPlatforms) = postSolution
		{262161D3-B5AE-495A-9DE8-B6343D332F8A}.Debug|Any CPU.ActiveCfg = Debug|Any CPU
		{262161D3-B5AE-495A-9DE8-B6343D332F8A}.Debug|Any CPU.Build.0 = Debug|Any CPU
		{262161D3-B5AE-495A-9DE8-B6343D332F8A}.Release|Any CPU.ActiveCfg = Release|Any CPU
		{262161D3-B5AE-495A-9DE8-B6343D332F8A}.Release|Any CPU.Build.0 = Release|Any CPU
		{CAD761A1-D2D8-4A72-91D5-709ED41821E1}.Debug|Any CPU.ActiveCfg = Debug|Any CPU
		{CAD761A1-D2D8-4A72-91D5-709ED41821E1}.Debug|Any CPU.Build.0 = Debug|Any CPU
		{CAD761A1-D2D8-4A72-91D5-709ED41821E1}.Debug|Any CPU.Deploy.0 = Debug|Any CPU
		{CAD761A1-D2D8-4A72-91D5-709ED41821E1}.Release|Any CPU.ActiveCfg = Release|Any CPU
		{CAD761A1-D2D8-4A72-91D5-709ED41821E1}.Release|Any CPU.Build.0 = Release|Any CPU
		{CAD761A1-D2D8-4A72-91D5-709ED41821E1}.Release|Any CPU.Deploy.0 = Release|Any CPU
	EndGlobalSection
	GlobalSection(SolutionProperties) = preSolution
		HideSolutionNode = FALSE
	EndGlobalSection
	GlobalSection(ExtensibilityGlobals) = postSolution
		SolutionGuid = {138C5A9C-B71F-4472-BC26-0F05B71ED070}
	EndGlobalSection
EndGlobal
